# CPython 3.12 / Ubuntu 24.04 x86_64 updater runtime.
# Exactly one reviewed wheel is allowed for every direct/transitive dependency.
aliyun-python-sdk-core==2.16.0 --hash=sha256:20d9ee07991a08a49b1550eaa766e5a657f630672806ed71ee1d1358d91c19f7
aliyun-python-sdk-kms==2.16.5 --hash=sha256:24b6cdc4fd161d2942619479c8d050c63ea9cd22b044fe33b60bbb60153786f0
certifi==2026.7.22 --hash=sha256:62f22742b58a1a33014a2b6b706588a8d7e2a88ae7bd1a6ebe8c992928483775
cffi==2.1.1 --hash=sha256:c1453022f490d2459a11819d83ad1d586e9ff65a12ac3e705ffebd46d3685dcf
charset-normalizer==3.4.9 --hash=sha256:5e226f6218febc71f6c1fc2fafb91c226f75bdc1d8fb12d66823716e891608fd
crcmod==1.7 --hash=sha256:90ee5f9f0ec6044ea390fb12ea696d2e5633373d4028efb4fbafa6a59ce5c293
cryptography==50.0.0 --hash=sha256:82148ec5bddac30b51a5b3c1945075f896fa022cb93f8e4a01e9f6ee95292c5f
idna==3.18 --hash=sha256:7f952cbe720b688055e3f87de14f5c3e5fdaa8bc3928985c4077ca689de849a2
jmespath==0.10.0 --hash=sha256:cdf6525904cc597730141d61b36f2e4b8ecc257c420fa2f4549bac2c2d0cb72f
oss2==2.19.1 --hash=sha256:2c147cf45fa60e1809fc1a6a9840fd9ac2490252a5f8951a43051b7e5ffe2400
pycparser==3.0 --hash=sha256:b727414169a36b7d524c1c3e31839a521725078d7b2ff038656844266160a992
pycryptodome==3.23.0 --hash=sha256:c8987bd3307a39bc03df5c8e0e3d8be0c4c3518b7f044b0f4c15d1aa78f52575
requests==2.34.2 --hash=sha256:2a0d60c172f83ac6ab31e4554906c0f3b3588d37b5cb939b1c061f4907e278e0
six==1.17.0 --hash=sha256:4721f391ed90541fddacab5acf947aa0d3dc7d27b2e1e8eda2be8970586c3274
urllib3==2.7.0 --hash=sha256:9fb4c81ebbb1ce9531cce37674bbc6f1360472bc18ca9a553ede278ef7276897
